{
  "name": "monorepo-example",
  "lockfileVersion": 3,
  "requires": true,
  "packages": {
    "": {
      "dependencies": {
        "pnpm": "^8.10.0"
      }
    },
    "node_modules/pnpm": {
      "version": "8.10.0",
      "resolved": "https://registry.npmjs.org/pnpm/-/pnpm-8.10.0.tgz",
      "integrity": "sha512-nCy4Pyts9qJdjFgwC/mRl8fvO+hM8+dm8pBUtAuDtC+Kq6b8wxSp7PJ8APfOgKdXu0xgiADnrb4tKdxccFb1vg==",
      "bin": {
        "pnpm": "bin/pnpm.cjs",
        "pnpx": "bin/pnpx.cjs"
      },
      "engines": {
        "node": ">=16.14"
      },
      "funding": {
        "url": "https://opencollective.com/pnpm"
      }
    }
  }
}
